
Microsoft Visual Studio Solution File, Format Version 12.00
# Visual Studio Version 17
VisualStudioVersion = 17.3.32929.385
MinimumVisualStudioVersion = 10.0.40219.1
Project("{8BC9CEB8-8B4A-11D0-8D11-00A0C91BC942}") = "01_Singleton", "01_Singleton\01_Singleton.vcxproj", "{12CECBDE-95F2-45EA-9F9B-E0024953D68B}"
EndProject
Project("{8BC9CEB8-8B4A-11D0-8D11-00A0C91BC942}") = "02_SingletonWithLink", "02_SingletonWithLink\02_SingletonWithLink.vcxproj", "{055333B3-1990-4CE1-A03E-253DF9944C1D}"
EndProject
Project("{8BC9CEB8-8B4A-11D0-8D11-00A0C91BC942}") = "03_Builder", "03_Builder\03_Builder.vcxproj", "{1C88F03D-5779-41B0-955C-1A41FD2C3898}"
EndProject
Project("{8BC9CEB8-8B4A-11D0-8D11-00A0C91BC942}") = "04_AbstractFactory", "04_AbstractFactory\04_AbstractFactory.vcxproj", "{920608FF-9DFA-4708-B5EE-43E753647BC9}"
EndProject
Project("{8BC9CEB8-8B4A-11D0-8D11-00A0C91BC942}") = "05_FactoryMethod", "05_FactoryMethod\05_FactoryMethod.vcxproj", "{51EA9264-D424-4467-9283-6F01D9792E76}"
EndProject
Project("{8BC9CEB8-8B4A-11D0-8D11-00A0C91BC942}") = "06_Prototype", "06_Prototype\06_Prototype.vcxproj", "{130B304B-8A3F-417D-9956-CE0C40385920}"
EndProject
Project("{8BC9CEB8-8B4A-11D0-8D11-00A0C91BC942}") = "07_Adapter", "07_Adapter\07_Adapter.vcxproj", "{5B1BF4A2-C779-4699-BE3B-B4F3F2C9B90C}"
EndProject
Project("{8BC9CEB8-8B4A-11D0-8D11-00A0C91BC942}") = "08_Observer", "08_Observer\08_Observer.vcxproj", "{A2E10B02-587A-4975-B6E3-4B88A366C3BE}"
EndProject
Project("{8BC9CEB8-8B4A-11D0-8D11-00A0C91BC942}") = "09_Facade", "09_Facade\09_Facade.vcxproj", "{B0987E90-F900-402E-8F70-76A63151DEF5}"
EndProject
Project("{8BC9CEB8-8B4A-11D0-8D11-00A0C91BC942}") = "10_FlyWeight", "10_FlyWeight\10_FlyWeight.vcxproj", "{6C8FD556-85A2-4AF9-BC16-A495BABE203F}"
EndProject
Global
	GlobalSection(SolutionConfigurationPlatforms) = preSolution
		Debug|x64 = Debug|x64
		Debug|x86 = Debug|x86
		Release|x64 = Release|x64
		Release|x86 = Release|x86
	EndGlobalSection
	GlobalSection(ProjectConfigurationPlatforms) = postSolution
		{12CECBDE-95F2-45EA-9F9B-E0024953D68B}.Debug|x64.ActiveCfg = Debug|x64
		{12CECBDE-95F2-45EA-9F9B-E0024953D68B}.Debug|x64.Build.0 = Debug|x64
		{12CECBDE-95F2-45EA-9F9B-E0024953D68B}.Debug|x86.ActiveCfg = Debug|Win32
		{12CECBDE-95F2-45EA-9F9B-E0024953D68B}.Debug|x86.Build.0 = Debug|Win32
		{12CECBDE-95F2-45EA-9F9B-E0024953D68B}.Release|x64.ActiveCfg = Release|x64
		{12CECBDE-95F2-45EA-9F9B-E0024953D68B}.Release|x64.Build.0 = Release|x64
		{12CECBDE-95F2-45EA-9F9B-E0024953D68B}.Release|x86.ActiveCfg = Release|Win32
		{12CECBDE-95F2-45EA-9F9B-E0024953D68B}.Release|x86.Build.0 = Release|Win32
		{055333B3-1990-4CE1-A03E-253DF9944C1D}.Debug|x64.ActiveCfg = Debug|x64
		{055333B3-1990-4CE1-A03E-253DF9944C1D}.Debug|x64.Build.0 = Debug|x64
		{055333B3-1990-4CE1-A03E-253DF9944C1D}.Debug|x86.ActiveCfg = Debug|Win32
		{055333B3-1990-4CE1-A03E-253DF9944C1D}.Debug|x86.Build.0 = Debug|Win32
		{055333B3-1990-4CE1-A03E-253DF9944C1D}.Release|x64.ActiveCfg = Release|x64
		{055333B3-1990-4CE1-A03E-253DF9944C1D}.Release|x64.Build.0 = Release|x64
		{055333B3-1990-4CE1-A03E-253DF9944C1D}.Release|x86.ActiveCfg = Release|Win32
		{055333B3-1990-4CE1-A03E-253DF9944C1D}.Release|x86.Build.0 = Release|Win32
		{1C88F03D-5779-41B0-955C-1A41FD2C3898}.Debug|x64.ActiveCfg = Debug|x64
		{1C88F03D-5779-41B0-955C-1A41FD2C3898}.Debug|x64.Build.0 = Debug|x64
		{1C88F03D-5779-41B0-955C-1A41FD2C3898}.Debug|x86.ActiveCfg = Debug|Win32
		{1C88F03D-5779-41B0-955C-1A41FD2C3898}.Debug|x86.Build.0 = Debug|Win32
		{1C88F03D-5779-41B0-955C-1A41FD2C3898}.Release|x64.ActiveCfg = Release|x64
		{1C88F03D-5779-41B0-955C-1A41FD2C3898}.Release|x64.Build.0 = Release|x64
		{1C88F03D-5779-41B0-955C-1A41FD2C3898}.Release|x86.ActiveCfg = Release|Win32
		{1C88F03D-5779-41B0-955C-1A41FD2C3898}.Release|x86.Build.0 = Release|Win32
		{920608FF-9DFA-4708-B5EE-43E753647BC9}.Debug|x64.ActiveCfg = Debug|x64
		{920608FF-9DFA-4708-B5EE-43E753647BC9}.Debug|x64.Build.0 = Debug|x64
		{920608FF-9DFA-4708-B5EE-43E753647BC9}.Debug|x86.ActiveCfg = Debug|Win32
		{920608FF-9DFA-4708-B5EE-43E753647BC9}.Debug|x86.Build.0 = Debug|Win32
		{920608FF-9DFA-4708-B5EE-43E753647BC9}.Release|x64.ActiveCfg = Release|x64
		{920608FF-9DFA-4708-B5EE-43E753647BC9}.Release|x64.Build.0 = Release|x64
		{920608FF-9DFA-4708-B5EE-43E753647BC9}.Release|x86.ActiveCfg = Release|Win32
		{920608FF-9DFA-4708-B5EE-43E753647BC9}.Release|x86.Build.0 = Release|Win32
		{51EA9264-D424-4467-9283-6F01D9792E76}.Debug|x64.ActiveCfg = Debug|x64
		{51EA9264-D424-4467-9283-6F01D9792E76}.Debug|x64.Build.0 = Debug|x64
		{51EA9264-D424-4467-9283-6F01D9792E76}.Debug|x86.ActiveCfg = Debug|Win32
		{51EA9264-D424-4467-9283-6F01D9792E76}.Debug|x86.Build.0 = Debug|Win32
		{51EA9264-D424-4467-9283-6F01D9792E76}.Release|x64.ActiveCfg = Release|x64
		{51EA9264-D424-4467-9283-6F01D9792E76}.Release|x64.Build.0 = Release|x64
		{51EA9264-D424-4467-9283-6F01D9792E76}.Release|x86.ActiveCfg = Release|Win32
		{51EA9264-D424-4467-9283-6F01D9792E76}.Release|x86.Build.0 = Release|Win32
		{130B304B-8A3F-417D-9956-CE0C40385920}.Debug|x64.ActiveCfg = Debug|x64
		{130B304B-8A3F-417D-9956-CE0C40385920}.Debug|x64.Build.0 = Debug|x64
		{130B304B-8A3F-417D-9956-CE0C40385920}.Debug|x86.ActiveCfg = Debug|Win32
		{130B304B-8A3F-417D-9956-CE0C40385920}.Debug|x86.Build.0 = Debug|Win32
		{130B304B-8A3F-417D-9956-CE0C40385920}.Release|x64.ActiveCfg = Release|x64
		{130B304B-8A3F-417D-9956-CE0C40385920}.Release|x64.Build.0 = Release|x64
		{130B304B-8A3F-417D-9956-CE0C40385920}.Release|x86.ActiveCfg = Release|Win32
		{130B304B-8A3F-417D-9956-CE0C40385920}.Release|x86.Build.0 = Release|Win32
		{5B1BF4A2-C779-4699-BE3B-B4F3F2C9B90C}.Debug|x64.ActiveCfg = Debug|x64
		{5B1BF4A2-C779-4699-BE3B-B4F3F2C9B90C}.Debug|x64.Build.0 = Debug|x64
		{5B1BF4A2-C779-4699-BE3B-B4F3F2C9B90C}.Debug|x86.ActiveCfg = Debug|Win32
		{5B1BF4A2-C779-4699-BE3B-B4F3F2C9B90C}.Debug|x86.Build.0 = Debug|Win32
		{5B1BF4A2-C779-4699-BE3B-B4F3F2C9B90C}.Release|x64.ActiveCfg = Release|x64
		{5B1BF4A2-C779-4699-BE3B-B4F3F2C9B90C}.Release|x64.Build.0 = Release|x64
		{5B1BF4A2-C779-4699-BE3B-B4F3F2C9B90C}.Release|x86.ActiveCfg = Release|Win32
		{5B1BF4A2-C779-4699-BE3B-B4F3F2C9B90C}.Release|x86.Build.0 = Release|Win32
		{A2E10B02-587A-4975-B6E3-4B88A366C3BE}.Debug|x64.ActiveCfg = Debug|x64
		{A2E10B02-587A-4975-B6E3-4B88A366C3BE}.Debug|x64.Build.0 = Debug|x64
		{A2E10B02-587A-4975-B6E3-4B88A366C3BE}.Debug|x86.ActiveCfg = Debug|Win32
		{A2E10B02-587A-4975-B6E3-4B88A366C3BE}.Debug|x86.Build.0 = Debug|Win32
		{A2E10B02-587A-4975-B6E3-4B88A366C3BE}.Release|x64.ActiveCfg = Release|x64
		{A2E10B02-587A-4975-B6E3-4B88A366C3BE}.Release|x64.Build.0 = Release|x64
		{A2E10B02-587A-4975-B6E3-4B88A366C3BE}.Release|x86.ActiveCfg = Release|Win32
		{A2E10B02-587A-4975-B6E3-4B88A366C3BE}.Release|x86.Build.0 = Release|Win32
		{B0987E90-F900-402E-8F70-76A63151DEF5}.Debug|x64.ActiveCfg = Debug|x64
		{B0987E90-F900-402E-8F70-76A63151DEF5}.Debug|x64.Build.0 = Debug|x64
		{B0987E90-F900-402E-8F70-76A63151DEF5}.Debug|x86.ActiveCfg = Debug|Win32
		{B0987E90-F900-402E-8F70-76A63151DEF5}.Debug|x86.Build.0 = Debug|Win32
		{B0987E90-F900-402E-8F70-76A63151DEF5}.Release|x64.ActiveCfg = Release|x64
		{B0987E90-F900-402E-8F70-76A63151DEF5}.Release|x64.Build.0 = Release|x64
		{B0987E90-F900-402E-8F70-76A63151DEF5}.Release|x86.ActiveCfg = Release|Win32
		{B0987E90-F900-402E-8F70-76A63151DEF5}.Release|x86.Build.0 = Release|Win32
		{6C8FD556-85A2-4AF9-BC16-A495BABE203F}.Debug|x64.ActiveCfg = Debug|x64
		{6C8FD556-85A2-4AF9-BC16-A495BABE203F}.Debug|x64.Build.0 = Debug|x64
		{6C8FD556-85A2-4AF9-BC16-A495BABE203F}.Debug|x86.ActiveCfg = Debug|Win32
		{6C8FD556-85A2-4AF9-BC16-A495BABE203F}.Debug|x86.Build.0 = Debug|Win32
		{6C8FD556-85A2-4AF9-BC16-A495BABE203F}.Release|x64.ActiveCfg = Release|x64
		{6C8FD556-85A2-4AF9-BC16-A495BABE203F}.Release|x64.Build.0 = Release|x64
		{6C8FD556-85A2-4AF9-BC16-A495BABE203F}.Release|x86.ActiveCfg = Release|Win32
		{6C8FD556-85A2-4AF9-BC16-A495BABE203F}.Release|x86.Build.0 = Release|Win32
	EndGlobalSection
	GlobalSection(SolutionProperties) = preSolution
		HideSolutionNode = FALSE
	EndGlobalSection
	GlobalSection(ExtensibilityGlobals) = postSolution
		SolutionGuid = {00E1B105-01EE-4BC8-908A-32709E49743E}
	EndGlobalSection
EndGlobal
